
Microsoft Visual Studio Solution File, Format Version 12.00
# Visual Studio Version 17
VisualStudioVersion = 17.6.33829.357
MinimumVisualStudioVersion = 10.0.40219.1
Project("{9A19103F-16F7-4668-BE54-9A1E7A4F7556}") = "UeBlueprintDumper", "UeBlueprintDumper\UeBlueprintDumper.csproj", "{17D9FACD-9394-4A0A-AFA2-A5EC30203FB8}"
EndProject
Project("{9A19103F-16F7-4668-BE54-9A1E7A4F7556}") = "CUE4Parse", "CUE4Parse\CUE4Parse\CUE4Parse.csproj", "{A1B990C9-5EA4-47A6-9532-29D5D3B9AF4A}"
EndProject
Project("{9A19103F-16F7-4668-BE54-9A1E7A4F7556}") = "CUE4Parse-Conversion", "CUE4Parse\CUE4Parse-Conversion\CUE4Parse-Conversion.csproj", "{4B04826D-DA3A-4953-B708-9598AF50A111}"
EndProject
Global
	GlobalSection(SolutionConfigurationPlatforms) = preSolution
		Debug|Any CPU = Debug|Any CPU
		Debug|x64 = Debug|x64
		Release|Any CPU = Release|Any CPU
		Release|x64 = Release|x64
	EndGlobalSection
	GlobalSection(ProjectConfigurationPlatforms) = postSolution
		{17D9FACD-9394-4A0A-AFA2-A5EC30203FB8}.Debug|Any CPU.ActiveCfg = Debug|x64
		{17D9FACD-9394-4A0A-AFA2-A5EC30203FB8}.Debug|Any CPU.Build.0 = Debug|x64
		{17D9FACD-9394-4A0A-AFA2-A5EC30203FB8}.Debug|x64.ActiveCfg = Debug|x64
		{17D9FACD-9394-4A0A-AFA2-A5EC30203FB8}.Debug|x64.Build.0 = Debug|x64
		{17D9FACD-9394-4A0A-AFA2-A5EC30203FB8}.Release|Any CPU.ActiveCfg = Release|x64
		{17D9FACD-9394-4A0A-AFA2-A5EC30203FB8}.Release|Any CPU.Build.0 = Release|x64
		{17D9FACD-9394-4A0A-AFA2-A5EC30203FB8}.Release|x64.ActiveCfg = Release|x64
		{17D9FACD-9394-4A0A-AFA2-A5EC30203FB8}.Release|x64.Build.0 = Release|x64
		{A1B990C9-5EA4-47A6-9532-29D5D3B9AF4A}.Debug|Any CPU.ActiveCfg = Debug|Any CPU
		{A1B990C9-5EA4-47A6-9532-29D5D3B9AF4A}.Debug|Any CPU.Build.0 = Debug|Any CPU
		{A1B990C9-5EA4-47A6-9532-29D5D3B9AF4A}.Debug|x64.ActiveCfg = Debug|Any CPU
		{A1B990C9-5EA4-47A6-9532-29D5D3B9AF4A}.Debug|x64.Build.0 = Debug|Any CPU
		{A1B990C9-5EA4-47A6-9532-29D5D3B9AF4A}.Release|Any CPU.ActiveCfg = Release|Any CPU
		{A1B990C9-5EA4-47A6-9532-29D5D3B9AF4A}.Release|Any CPU.Build.0 = Release|Any CPU
		{A1B990C9-5EA4-47A6-9532-29D5D3B9AF4A}.Release|x64.ActiveCfg = Release|Any CPU
		{A1B990C9-5EA4-47A6-9532-29D5D3B9AF4A}.Release|x64.Build.0 = Release|Any CPU
		{4B04826D-DA3A-4953-B708-9598AF50A111}.Debug|Any CPU.ActiveCfg = Debug|Any CPU
		{4B04826D-DA3A-4953-B708-9598AF50A111}.Debug|Any CPU.Build.0 = Debug|Any CPU
		{4B04826D-DA3A-4953-B708-9598AF50A111}.Debug|x64.ActiveCfg = Debug|Any CPU
		{4B04826D-DA3A-4953-B708-9598AF50A111}.Debug|x64.Build.0 = Debug|Any CPU
		{4B04826D-DA3A-4953-B708-9598AF50A111}.Release|Any CPU.ActiveCfg = Release|Any CPU
		{4B04826D-DA3A-4953-B708-9598AF50A111}.Release|Any CPU.Build.0 = Release|Any CPU
		{4B04826D-DA3A-4953-B708-9598AF50A111}.Release|x64.ActiveCfg = Release|Any CPU
		{4B04826D-DA3A-4953-B708-9598AF50A111}.Release|x64.Build.0 = Release|Any CPU
	EndGlobalSection
	GlobalSection(SolutionProperties) = preSolution
		HideSolutionNode = FALSE
	EndGlobalSection
	GlobalSection(ExtensibilityGlobals) = postSolution
		SolutionGuid = {EA21CDE0-D5BF-4C4F-B1BB-B0A642A52261}
	EndGlobalSection
EndGlobal
